
Microsoft Visual Studio Solution File, Format Version 12.00
# Visual Studio 15
VisualStudioVersion = 15.0.27703.2047
MinimumVisualStudioVersion = 10.0.40219.1
Project("{FAE04EC0-301F-11D3-BF4B-00C04F79EFBC}") = "ManagingErrors", "ManagingErrors\ManagingErrors.csproj", "{AD65EB1D-C8B6-442D-84BA-0371F2A39C57}"
EndProject
Project("{FAE04EC0-301F-11D3-BF4B-00C04F79EFBC}") = "Vec3Calc", "Vec3Calc\Vec3Calc.csproj", "{0184FDDE-7710-45F6-9E04-3DE508DFFC85}"
EndProject
Project("{FAE04EC0-301F-11D3-BF4B-00C04F79EFBC}") = "Appy1", "Appy1\Appy1.csproj", "{CC3F867F-C783-4727-B082-3EADAD0D59EF}"
EndProject
Project("{FAE04EC0-301F-11D3-BF4B-00C04F79EFBC}") = "LevelEditor", "LevelEditor\LevelEditor.csproj", "{AB54BBBC-2683-4F19-B4B1-DE9CA2AE0B91}"
EndProject
Project("{9A19103F-16F7-4668-BE54-9A1E7A4F7556}") = "ExternLib", "ExternLib\ExternLib.csproj", "{BFF33E85-640D-411A-ADAB-34006513BE67}"
EndProject
Project("{FAE04EC0-301F-11D3-BF4B-00C04F79EFBC}") = "CustomSerializer", "CustomSerializer\CustomSerializer.csproj", "{87C98557-548E-45B3-940D-BAA5D79793B6}"
EndProject
Project("{FAE04EC0-301F-11D3-BF4B-00C04F79EFBC}") = "LINQ", "LINQ\LINQ.csproj", "{830BB426-5090-4AB6-A1F1-25295F02117D}"
EndProject
Project("{FAE04EC0-301F-11D3-BF4B-00C04F79EFBC}") = "SteamQuery", "SteamQuery\SteamQuery.csproj", "{AC7B7ABA-0D28-4F48-80E7-B23C06B01908}"
EndProject
Global
	GlobalSection(SolutionConfigurationPlatforms) = preSolution
		Debug|Any CPU = Debug|Any CPU
		Release|Any CPU = Release|Any CPU
	EndGlobalSection
	GlobalSection(ProjectConfigurationPlatforms) = postSolution
		{AD65EB1D-C8B6-442D-84BA-0371F2A39C57}.Debug|Any CPU.ActiveCfg = Debug|Any CPU
		{AD65EB1D-C8B6-442D-84BA-0371F2A39C57}.Debug|Any CPU.Build.0 = Debug|Any CPU
		{AD65EB1D-C8B6-442D-84BA-0371F2A39C57}.Release|Any CPU.ActiveCfg = Release|Any CPU
		{AD65EB1D-C8B6-442D-84BA-0371F2A39C57}.Release|Any CPU.Build.0 = Release|Any CPU
		{0184FDDE-7710-45F6-9E04-3DE508DFFC85}.Debug|Any CPU.ActiveCfg = Debug|Any CPU
		{0184FDDE-7710-45F6-9E04-3DE508DFFC85}.Debug|Any CPU.Build.0 = Debug|Any CPU
		{0184FDDE-7710-45F6-9E04-3DE508DFFC85}.Release|Any CPU.ActiveCfg = Release|Any CPU
		{0184FDDE-7710-45F6-9E04-3DE508DFFC85}.Release|Any CPU.Build.0 = Release|Any CPU
		{CC3F867F-C783-4727-B082-3EADAD0D59EF}.Debug|Any CPU.ActiveCfg = Debug|Any CPU
		{CC3F867F-C783-4727-B082-3EADAD0D59EF}.Debug|Any CPU.Build.0 = Debug|Any CPU
		{CC3F867F-C783-4727-B082-3EADAD0D59EF}.Release|Any CPU.ActiveCfg = Release|Any CPU
		{CC3F867F-C783-4727-B082-3EADAD0D59EF}.Release|Any CPU.Build.0 = Release|Any CPU
		{AB54BBBC-2683-4F19-B4B1-DE9CA2AE0B91}.Debug|Any CPU.ActiveCfg = Debug|Any CPU
		{AB54BBBC-2683-4F19-B4B1-DE9CA2AE0B91}.Debug|Any CPU.Build.0 = Debug|Any CPU
		{AB54BBBC-2683-4F19-B4B1-DE9CA2AE0B91}.Release|Any CPU.ActiveCfg = Release|Any CPU
		{AB54BBBC-2683-4F19-B4B1-DE9CA2AE0B91}.Release|Any CPU.Build.0 = Release|Any CPU
		{BFF33E85-640D-411A-ADAB-34006513BE67}.Debug|Any CPU.ActiveCfg = Debug|Any CPU
		{BFF33E85-640D-411A-ADAB-34006513BE67}.Debug|Any CPU.Build.0 = Debug|Any CPU
		{BFF33E85-640D-411A-ADAB-34006513BE67}.Release|Any CPU.ActiveCfg = Release|Any CPU
		{BFF33E85-640D-411A-ADAB-34006513BE67}.Release|Any CPU.Build.0 = Release|Any CPU
		{87C98557-548E-45B3-940D-BAA5D79793B6}.Debug|Any CPU.ActiveCfg = Debug|Any CPU
		{87C98557-548E-45B3-940D-BAA5D79793B6}.Debug|Any CPU.Build.0 = Debug|Any CPU
		{87C98557-548E-45B3-940D-BAA5D79793B6}.Release|Any CPU.ActiveCfg = Release|Any CPU
		{87C98557-548E-45B3-940D-BAA5D79793B6}.Release|Any CPU.Build.0 = Release|Any CPU
		{830BB426-5090-4AB6-A1F1-25295F02117D}.Debug|Any CPU.ActiveCfg = Debug|Any CPU
		{830BB426-5090-4AB6-A1F1-25295F02117D}.Debug|Any CPU.Build.0 = Debug|Any CPU
		{830BB426-5090-4AB6-A1F1-25295F02117D}.Release|Any CPU.ActiveCfg = Release|Any CPU
		{830BB426-5090-4AB6-A1F1-25295F02117D}.Release|Any CPU.Build.0 = Release|Any CPU
		{AC7B7ABA-0D28-4F48-80E7-B23C06B01908}.Debug|Any CPU.ActiveCfg = Debug|Any CPU
		{AC7B7ABA-0D28-4F48-80E7-B23C06B01908}.Debug|Any CPU.Build.0 = Debug|Any CPU
		{AC7B7ABA-0D28-4F48-80E7-B23C06B01908}.Release|Any CPU.ActiveCfg = Release|Any CPU
		{AC7B7ABA-0D28-4F48-80E7-B23C06B01908}.Release|Any CPU.Build.0 = Release|Any CPU
	EndGlobalSection
	GlobalSection(SolutionProperties) = preSolution
		HideSolutionNode = FALSE
	EndGlobalSection
	GlobalSection(ExtensibilityGlobals) = postSolution
		SolutionGuid = {A185568A-01EE-4156-846A-B51169D14A24}
	EndGlobalSection
EndGlobal
